
Microsoft Visual Studio Solution File, Format Version 12.00
# Visual Studio 15
VisualStudioVersion = 15.0.26730.10
MinimumVisualStudioVersion = 10.0.40219.1
Project("{FAE04EC0-301F-11D3-BF4B-00C04F79EFBC}") = "ImageCompressor", "ImageCompressor\ImageCompressor.csproj", "{28AE487D-AE26-4AF9-AD8C-6E889D25576F}"
EndProject
Project("{FAE04EC0-301F-11D3-BF4B-00C04F79EFBC}") = "EarlPeterG", "..\EarlPeterG\EarlPeterG.csproj", "{C93C4AE3-1554-4531-90F5-4F122EBAF1E9}"
EndProject
Global
	GlobalSection(SolutionConfigurationPlatforms) = preSolution
		Debug|Any CPU = Debug|Any CPU
		Release|Any CPU = Release|Any CPU
	EndGlobalSection
	GlobalSection(ProjectConfigurationPlatforms) = postSolution
		{28AE487D-AE26-4AF9-AD8C-6E889D25576F}.Debug|Any CPU.ActiveCfg = Debug|Any CPU
		{28AE487D-AE26-4AF9-AD8C-6E889D25576F}.Debug|Any CPU.Build.0 = Debug|Any CPU
		{28AE487D-AE26-4AF9-AD8C-6E889D25576F}.Release|Any CPU.ActiveCfg = Release|Any CPU
		{28AE487D-AE26-4AF9-AD8C-6E889D25576F}.Release|Any CPU.Build.0 = Release|Any CPU
		{C93C4AE3-1554-4531-90F5-4F122EBAF1E9}.Debug|Any CPU.ActiveCfg = Debug|Any CPU
		{C93C4AE3-1554-4531-90F5-4F122EBAF1E9}.Debug|Any CPU.Build.0 = Debug|Any CPU
		{C93C4AE3-1554-4531-90F5-4F122EBAF1E9}.Release|Any CPU.ActiveCfg = Release|Any CPU
		{C93C4AE3-1554-4531-90F5-4F122EBAF1E9}.Release|Any CPU.Build.0 = Release|Any CPU
	EndGlobalSection
	GlobalSection(SolutionProperties) = preSolution
		HideSolutionNode = FALSE
	EndGlobalSection
	GlobalSection(ExtensibilityGlobals) = postSolution
		SolutionGuid = {87DDA1CF-6502-4DF1-80D0-D7FAD3475451}
	EndGlobalSection
EndGlobal
